// !$*UTF8*$!
{
	archiveVersion = 1;
	classes = {
	};
	objectVersion = 77;
	objects = {

/* Begin PBXFileReference section */
		B84ABF402F7FCAF100758696 /* Untitled.swift */ = {isa = PBXFileReference; lastKnownFileType = sourcecode.swift; path = Untitled.swift; sourceTree = "<group>"; };
/* End PBXFileReference section */

/* Begin PBXGroup section */
		B84ABF392F7FCAEA00758696 = {
			isa = PBXGroup;
			children = (
				B84ABF402F7FCAF100758696 /* Untitled.swift */,
			);
			sourceTree = "<group>";
		};
/* End PBXGroup section */

/* Begin PBXProject section */
		B84ABF3A2F7FCAEA00758696 /* Project object */ = {
			isa = PBXProject;
			attributes = {
				BuildIndependentTargetsInParallel = 1;
				LastUpgradeCheck = 2640;
			};
			buildConfigurationList = B84ABF3D2F7FCAEA00758696 /* Build configuration list for PBXProject "squirrel" */;
			developmentRegion = en;
			hasScannedForEncodings = 0;
			knownRegions = (
				en,
				Base,
			);
			mainGroup = B84ABF392F7FCAEA00758696;
			minimizedProjectReferenceProxies = 1;
			preferredProjectObjectVersion = 77;
			projectDirPath = "";
			projectRoot = "";
			targets = (
			);
		};
/* End PBXProject section */

/* Begin XCBuildConfiguration section */
		B84ABF3E2F7FCAEA00758696 /* Debug */ = {
			isa = XCBuildConfiguration;
			buildSettings = {
				DEVELOPMENT_TEAM = WZ9YLKA689;
			};
			name = Debug;
		};
		B84ABF3F2F7FCAEA00758696 /* Release */ = {
			isa = XCBuildConfiguration;
			buildSettings = {
				DEVELOPMENT_TEAM = WZ9YLKA689;
			};
			name = Release;
		};
/* End XCBuildConfiguration section */

/* Begin XCConfigurationList section */
		B84ABF3D2F7FCAEA00758696 /* Build configuration list for PBXProject "squirrel" */ = {
			isa = XCConfigurationList;
			buildConfigurations = (
				B84ABF3E2F7FCAEA00758696 /* Debug */,
				B84ABF3F2F7FCAEA00758696 /* Release */,
			);
			defaultConfigurationIsVisible = 0;
			defaultConfigurationName = Release;
		};
/* End XCConfigurationList section */
	};
	rootObject = B84ABF3A2F7FCAEA00758696 /* Project object */;
}
